// !$*UTF8*$!
{
	archiveVersion = 1;
	classes = {
	};
	objectVersion = 56;
	objects = {

/* Begin PBXBuildFile section */
		377556E92C8B500E00AA05DD /* StonksBarApp.swift in Sources */ = {isa = PBXBuildFile; fileRef = 377556E82C8B500E00AA05DD /* StonksBarApp.swift */; };
		377556EB2C8B500E00AA05DD /* ContentView.swift in Sources */ = {isa = PBXBuildFile; fileRef = 377556EA2C8B500E00AA05DD /* ContentView.swift */; };
		377556ED2C8B500F00AA05DD /* Assets.xcassets in Resources */ = {isa = PBXBuildFile; fileRef = 377556EC2C8B500F00AA05DD /* Assets.xcassets */; };
		377556F02C8B500F00AA05DD /* Preview Assets.xcassets in Resources */ = {isa = PBXBuildFile; fileRef = 377556EF2C8B500F00AA05DD /* Preview Assets.xcassets */; };
		377556FB2C8B501000AA05DD /* StonksBarTests.swift in Sources */ = {isa = PBXBuildFile; fileRef = 377556FA2C8B501000AA05DD /* StonksBarTests.swift */; };
		377557052C8B501000AA05DD /* StonksBarUITests.swift in Sources */ = {isa = PBXBuildFile; fileRef = 377557042C8B501000AA05DD /* StonksBarUITests.swift */; };
		377557072C8B501000AA05DD /* StonksBarUITestsLaunchTests.swift in Sources */ = {isa = PBXBuildFile; fileRef = 377557062C8B501000AA05DD /* StonksBarUITestsLaunchTests.swift */; };
/* End PBXBuildFile section */

/* Begin PBXContainerItemProxy section */
		377556F72C8B501000AA05DD /* PBXContainerItemProxy */ = {
			isa = PBXContainerItemProxy;
			containerPortal = 377556DD2C8B500E00AA05DD /* Project object */;
			proxyType = 1;
			remoteGlobalIDString = 377556E42C8B500E00AA05DD;
			remoteInfo = StonksBar;
		};
		377557012C8B501000AA05DD /* PBXContainerItemProxy */ = {
			isa = PBXContainerItemProxy;
			containerPortal = 377556DD2C8B500E00AA05DD /* Project object */;
			proxyType = 1;
			remoteGlobalIDString = 377556E42C8B500E00AA05DD;
			remoteInfo = StonksBar;
		};
/* End PBXContainerItemProxy section */

/* Begin PBXFileReference section */
		377556E52C8B500E00AA05DD /* StonksBar.app */ = {isa = PBXFileReference; explicitFileType = wrapper.application; includeInIndex = 0; path = StonksBar.app; sourceTree = BUILT_PRODUCTS_DIR; };
		377556E82C8B500E00AA05DD /* StonksBarApp.swift */ = {isa = PBXFileReference; lastKnownFileType = sourcecode.swift; path = StonksBarApp.swift; sourceTree = "<group>"; };
		377556EA2C8B500E00AA05DD /* ContentView.swift */ = {isa = PBXFileReference; lastKnownFileType = sourcecode.swift; path = ContentView.swift; sourceTree = "<group>"; };
		377556EC2C8B500F00AA05DD /* Assets.xcassets */ = {isa = PBXFileReference; lastKnownFileType = folder.assetcatalog; path = Assets.xcassets; sourceTree = "<group>"; };
		377556EF2C8B500F00AA05DD /* Preview Assets.xcassets */ = {isa = PBXFileReference; lastKnownFileType = folder.assetcatalog; path = "Preview Assets.xcassets"; sourceTree = "<group>"; };
		377556F12C8B500F00AA05DD /* StonksBar.entitlements */ = {isa = PBXFileReference; lastKnownFileType = text.plist.entitlements; path = StonksBar.entitlements; sourceTree = "<group>"; };
		377556F62C8B501000AA05DD /* StonksBarTests.xctest */ = {isa = PBXFileReference; explicitFileType = wrapper.cfbundle; includeInIndex = 0; path = StonksBarTests.xctest; sourceTree = BUILT_PRODUCTS_DIR; };
		377556FA2C8B501000AA05DD /* StonksBarTests.swift */ = {isa = PBXFileReference; lastKnownFileType = sourcecode.swift; path = StonksBarTests.swift; sourceTree = "<group>"; };
		377557002C8B501000AA05DD /* StonksBarUITests.xctest */ = {isa = PBXFileReference; explicitFileType = wrapper.cfbundle; includeInIndex = 0; path = StonksBarUITests.xctest; sourceTree = BUILT_PRODUCTS_DIR; };
		377557042C8B501000AA05DD /* StonksBarUITests.swift */ = {isa = PBXFileReference; lastKnownFileType = sourcecode.swift; path = StonksBarUITests.swift; sourceTree = "<group>"; };
		377557062C8B501000AA05DD /* StonksBarUITestsLaunchTests.swift */ = {isa = PBXFileReference; lastKnownFileType = sourcecode.swift; path = StonksBarUITestsLaunchTests.swift; sourceTree = "<group>"; };
/* End PBXFileReference section */

/* Begin PBXFrameworksBuildPhase section */
		377556E22C8B500E00AA05DD /* Frameworks */ = {
			isa = PBXFrameworksBuildPhase;
			buildActionMask = 2147483647;
			files = (
			);
			runOnlyForDeploymentPostprocessing = 0;
		};
		377556F32C8B501000AA05DD /* Frameworks */ = {
			isa = PBXFrameworksBuildPhase;
			buildActionMask = 2147483647;
			files = (
			);
			runOnlyForDeploymentPostprocessing = 0;
		};
		377556FD2C8B501000AA05DD /* Frameworks */ = {
			isa = PBXFrameworksBuildPhase;
			buildActionMask = 2147483647;
			files = (
			);
			runOnlyForDeploymentPostprocessing = 0;
		};
/* End PBXFrameworksBuildPhase section */

/* Begin PBXGroup section */
		377556DC2C8B500E00AA05DD = {
			isa = PBXGroup;
			children = (
				377556E72C8B500E00AA05DD /* StonksBar */,
				377556F92C8B501000AA05DD /* StonksBarTests */,
				377557032C8B501000AA05DD /* StonksBarUITests */,
				377556E62C8B500E00AA05DD /* Products */,
			);
			sourceTree = "<group>";
		};
		377556E62C8B500E00AA05DD /* Products */ = {
			isa = PBXGroup;
			children = (
				377556E52C8B500E00AA05DD /* StonksBar.app */,
				377556F62C8B501000AA05DD /* StonksBarTests.xctest */,
				377557002C8B501000AA05DD /* StonksBarUITests.xctest */,
			);
			name = Products;
			sourceTree = "<group>";
		};
		377556E72C8B500E00AA05DD /* StonksBar */ = {
			isa = PBXGroup;
			children = (
				377556E82C8B500E00AA05DD /* StonksBarApp.swift */,
				377556EA2C8B500E00AA05DD /* ContentView.swift */,
				377556EC2C8B500F00AA05DD /* Assets.xcassets */,
				377556F12C8B500F00AA05DD /* StonksBar.entitlements */,
				377556EE2C8B500F00AA05DD /* Preview Content */,
			);
			path = StonksBar;
			sourceTree = "<group>";
		};
		377556EE2C8B500F00AA05DD /* Preview Content */ = {
			isa = PBXGroup;
			children = (
				377556EF2C8B500F00AA05DD /* Preview Assets.xcassets */,
			);
			path = "Preview Content";
			sourceTree = "<group>";
		};
		377556F92C8B501000AA05DD /* StonksBarTests */ = {
			isa = PBXGroup;
			children = (
				377556FA2C8B501000AA05DD /* StonksBarTests.swift */,
			);
			path = StonksBarTests;
			sourceTree = "<group>";
		};
		377557032C8B501000AA05DD /* StonksBarUITests */ = {
			isa = PBXGroup;
			children = (
				377557042C8B501000AA05DD /* StonksBarUITests.swift */,
				377557062C8B501000AA05DD /* StonksBarUITestsLaunchTests.swift */,
			);
			path = StonksBarUITests;
			sourceTree = "<group>";
		};
/* End PBXGroup section */

/* Begin PBXNativeTarget section */
		377556E42C8B500E00AA05DD /* StonksBar */ = {
			isa = PBXNativeTarget;
			buildConfigurationList = 3775570A2C8B501000AA05DD /* Build configuration list for PBXNativeTarget "StonksBar" */;
			buildPhases = (
				377556E12C8B500E00AA05DD /* Sources */,
				377556E22C8B500E00AA05DD /* Frameworks */,
				377556E32C8B500E00AA05DD /* Resources */,
			);
			buildRules = (
			);
			dependencies = (
			);
			name = StonksBar;
			productName = StonksBar;
			productReference = 377556E52C8B500E00AA05DD /* StonksBar.app */;
			productType = "com.apple.product-type.application";
		};
		377556F52C8B501000AA05DD /* StonksBarTests */ = {
			isa = PBXNativeTarget;
			buildConfigurationList = 3775570D2C8B501000AA05DD /* Build configuration list for PBXNativeTarget "StonksBarTests" */;
			buildPhases = (
				377556F22C8B501000AA05DD /* Sources */,
				377556F32C8B501000AA05DD /* Frameworks */,
				377556F42C8B501000AA05DD /* Resources */,
			);
			buildRules = (
			);
			dependencies = (
				377556F82C8B501000AA05DD /* PBXTargetDependency */,
			);
			name = StonksBarTests;
			productName = StonksBarTests;
			productReference = 377556F62C8B501000AA05DD /* StonksBarTests.xctest */;
			productType = "com.apple.product-type.bundle.unit-test";
		};
		377556FF2C8B501000AA05DD /* StonksBarUITests */ = {
			isa = PBXNativeTarget;
			buildConfigurationList = 377557102C8B501000AA05DD /* Build configuration list for PBXNativeTarget "StonksBarUITests" */;
			buildPhases = (
				377556FC2C8B501000AA05DD /* Sources */,
				377556FD2C8B501000AA05DD /* Frameworks */,
				377556FE2C8B501000AA05DD /* Resources */,
			);
			buildRules = (
			);
			dependencies = (
				377557022C8B501000AA05DD /* PBXTargetDependency */,
			);
			name = StonksBarUITests;
			productName = StonksBarUITests;
			productReference = 377557002C8B501000AA05DD /* StonksBarUITests.xctest */;
			productType = "com.apple.product-type.bundle.ui-testing";
		};
/* End PBXNativeTarget section */

/* Begin PBXProject section */
		377556DD2C8B500E00AA05DD /* Project object */ = {
			isa = PBXProject;
			attributes = {
				BuildIndependentTargetsInParallel = 1;
				LastSwiftUpdateCheck = 1540;
				LastUpgradeCheck = 1540;
				TargetAttributes = {
					377556E42C8B500E00AA05DD = {
						CreatedOnToolsVersion = 15.4;
					};
					377556F52C8B501000AA05DD = {
						CreatedOnToolsVersion = 15.4;
						TestTargetID = 377556E42C8B500E00AA05DD;
					};
					377556FF2C8B501000AA05DD = {
						CreatedOnToolsVersion = 15.4;
						TestTargetID = 377556E42C8B500E00AA05DD;
					};
				};
			};
			buildConfigurationList = 377556E02C8B500E00AA05DD /* Build configuration list for PBXProject "StonksBar" */;
			compatibilityVersion = "Xcode 14.0";
			developmentRegion = en;
			hasScannedForEncodings = 0;
			knownRegions = (
				en,
				Base,
			);
			mainGroup = 377556DC2C8B500E00AA05DD;
			productRefGroup = 377556E62C8B500E00AA05DD /* Products */;
			projectDirPath = "";
			projectRoot = "";
			targets = (
				377556E42C8B500E00AA05DD /* StonksBar */,
				377556F52C8B501000AA05DD /* StonksBarTests */,
				377556FF2C8B501000AA05DD /* StonksBarUITests */,
			);
		};
/* End PBXProject section */

/* Begin PBXResourcesBuildPhase section */
		377556E32C8B500E00AA05DD /* Resources */ = {
			isa = PBXResourcesBuildPhase;
			buildActionMask = 2147483647;
			files = (
				377556F02C8B500F00AA05DD /* Preview Assets.xcassets in Resources */,
				377556ED2C8B500F00AA05DD /* Assets.xcassets in Resources */,
			);
			runOnlyForDeploymentPostprocessing = 0;
		};
		377556F42C8B501000AA05DD /* Resources */ = {
			isa = PBXResourcesBuildPhase;
			buildActionMask = 2147483647;
			files = (
			);
			runOnlyForDeploymentPostprocessing = 0;
		};
		377556FE2C8B501000AA05DD /* Resources */ = {
			isa = PBXResourcesBuildPhase;
			buildActionMask = 2147483647;
			files = (
			);
			runOnlyForDeploymentPostprocessing = 0;
		};
/* End PBXResourcesBuildPhase section */

/* Begin PBXSourcesBuildPhase section */
		377556E12C8B500E00AA05DD /* Sources */ = {
			isa = PBXSourcesBuildPhase;
			buildActionMask = 2147483647;
			files = (
				377556EB2C8B500E00AA05DD /* ContentView.swift in Sources */,
				377556E92C8B500E00AA05DD /* StonksBarApp.swift in Sources */,
			);
			runOnlyForDeploymentPostprocessing = 0;
		};
		377556F22C8B501000AA05DD /* Sources */ = {
			isa = PBXSourcesBuildPhase;
			buildActionMask = 2147483647;
			files = (
				377556FB2C8B501000AA05DD /* StonksBarTests.swift in Sources */,
			);
			runOnlyForDeploymentPostprocessing = 0;
		};
		377556FC2C8B501000AA05DD /* Sources */ = {
			isa = PBXSourcesBuildPhase;
			buildActionMask = 2147483647;
			files = (
				377557072C8B501000AA05DD /* StonksBarUITestsLaunchTests.swift in Sources */,
				377557052C8B501000AA05DD /* StonksBarUITests.swift in Sources */,
			);
			runOnlyForDeploymentPostprocessing = 0;
		};
/* End PBXSourcesBuildPhase section */

/* Begin PBXTargetDependency section */
		377556F82C8B501000AA05DD /* PBXTargetDependency */ = {
			isa = PBXTargetDependency;
			target = 377556E42C8B500E00AA05DD /* StonksBar */;
			targetProxy = 377556F72C8B501000AA05DD /* PBXContainerItemProxy */;
		};
		377557022C8B501000AA05DD /* PBXTargetDependency */ = {
			isa = PBXTargetDependency;
			target = 377556E42C8B500E00AA05DD /* StonksBar */;
			targetProxy = 377557012C8B501000AA05DD /* PBXContainerItemProxy */;
		};
/* End PBXTargetDependency section */

/* Begin XCBuildConfiguration section */
		377557082C8B501000AA05DD /* Debug */ = {
			isa = XCBuildConfiguration;
			buildSettings = {
				ALWAYS_SEARCH_USER_PATHS = NO;
				ASSETCATALOG_COMPILER_GENERATE_SWIFT_ASSET_SYMBOL_EXTENSIONS = YES;
				CLANG_ANALYZER_NONNULL = YES;
				CLANG_ANALYZER_NUMBER_OBJECT_CONVERSION = YES_AGGRESSIVE;
				CLANG_CXX_LANGUAGE_STANDARD = "gnu++20";
				CLANG_ENABLE_MODULES = YES;
				CLANG_ENABLE_OBJC_ARC = YES;
				CLANG_ENABLE_OBJC_WEAK = YES;
				CLANG_WARN_BLOCK_CAPTURE_AUTORELEASING = YES;
				CLANG_WARN_BOOL_CONVERSION = YES;
				CLANG_WARN_COMMA = YES;
				CLANG_WARN_CONSTANT_CONVERSION = YES;
				CLANG_WARN_DEPRECATED_OBJC_IMPLEMENTATIONS = YES;
				CLANG_WARN_DIRECT_OBJC_ISA_USAGE = YES_ERROR;
				CLANG_WARN_DOCUMENTATION_COMMENTS = YES;
				CLANG_WARN_EMPTY_BODY = YES;
				CLANG_WARN_ENUM_CONVERSION = YES;
				CLANG_WARN_INFINITE_RECURSION = YES;
				CLANG_WARN_INT_CONVERSION = YES;
				CLANG_WARN_NON_LITERAL_NULL_CONVERSION = YES;
				CLANG_WARN_OBJC_IMPLICIT_RETAIN_SELF = YES;
				CLANG_WARN_OBJC_LITERAL_CONVERSION = YES;
				CLANG_WARN_OBJC_ROOT_CLASS = YES_ERROR;
				CLANG_WARN_QUOTED_INCLUDE_IN_FRAMEWORK_HEADER = YES;
				CLANG_WARN_RANGE_LOOP_ANALYSIS = YES;
				CLANG_WARN_STRICT_PROTOTYPES = YES;
				CLANG_WARN_SUSPICIOUS_MOVE = YES;
				CLANG_WARN_UNGUARDED_AVAILABILITY = YES_AGGRESSIVE;
				CLANG_WARN_UNREACHABLE_CODE = YES;
				CLANG_WARN__DUPLICATE_METHOD_MATCH = YES;
				COPY_PHASE_STRIP = NO;
				DEBUG_INFORMATION_FORMAT = dwarf;
				ENABLE_STRICT_OBJC_MSGSEND = YES;
				ENABLE_TESTABILITY = YES;
				ENABLE_USER_SCRIPT_SANDBOXING = YES;
				GCC_C_LANGUAGE_STANDARD = gnu17;
				GCC_DYNAMIC_NO_PIC = NO;
				GCC_NO_COMMON_BLOCKS = YES;
				GCC_OPTIMIZATION_LEVEL = 0;
				GCC_PREPROCESSOR_DEFINITIONS = (
					"DEBUG=1",
					"$(inherited)",
				);
				GCC_WARN_64_TO_32_BIT_CONVERSION = YES;
				GCC_WARN_ABOUT_RETURN_TYPE = YES_ERROR;
				GCC_WARN_UNDECLARED_SELECTOR = YES;
				GCC_WARN_UNINITIALIZED_AUTOS = YES_AGGRESSIVE;
				GCC_WARN_UNUSED_FUNCTION = YES;
				GCC_WARN_UNUSED_VARIABLE = YES;
				LOCALIZATION_PREFERS_STRING_CATALOGS = YES;
				MACOSX_DEPLOYMENT_TARGET = 14.3;
				MTL_ENABLE_DEBUG_INFO = INCLUDE_SOURCE;
				MTL_FAST_MATH = YES;
				ONLY_ACTIVE_ARCH = YES;
				SDKROOT = macosx;
				SWIFT_ACTIVE_COMPILATION_CONDITIONS = "DEBUG $(inherited)";
				SWIFT_OPTIMIZATION_LEVEL = "-Onone";
			};
			name = Debug;
		};
		377557092C8B501000AA05DD /* Release */ = {
			isa = XCBuildConfiguration;
			buildSettings = {
				ALWAYS_SEARCH_USER_PATHS = NO;
				ASSETCATALOG_COMPILER_GENERATE_SWIFT_ASSET_SYMBOL_EXTENSIONS = YES;
				CLANG_ANALYZER_NONNULL = YES;
				CLANG_ANALYZER_NUMBER_OBJECT_CONVERSION = YES_AGGRESSIVE;
				CLANG_CXX_LANGUAGE_STANDARD = "gnu++20";
				CLANG_ENABLE_MODULES = YES;
				CLANG_ENABLE_OBJC_ARC = YES;
				CLANG_ENABLE_OBJC_WEAK = YES;
				CLANG_WARN_BLOCK_CAPTURE_AUTORELEASING = YES;
				CLANG_WARN_BOOL_CONVERSION = YES;
				CLANG_WARN_COMMA = YES;
				CLANG_WARN_CONSTANT_CONVERSION = YES;
				CLANG_WARN_DEPRECATED_OBJC_IMPLEMENTATIONS = YES;
				CLANG_WARN_DIRECT_OBJC_ISA_USAGE = YES_ERROR;
				CLANG_WARN_DOCUMENTATION_COMMENTS = YES;
				CLANG_WARN_EMPTY_BODY = YES;
				CLANG_WARN_ENUM_CONVERSION = YES;
				CLANG_WARN_INFINITE_RECURSION = YES;
				CLANG_WARN_INT_CONVERSION = YES;
				CLANG_WARN_NON_LITERAL_NULL_CONVERSION = YES;
				CLANG_WARN_OBJC_IMPLICIT_RETAIN_SELF = YES;
				CLANG_WARN_OBJC_LITERAL_CONVERSION = YES;
				CLANG_WARN_OBJC_ROOT_CLASS = YES_ERROR;
				CLANG_WARN_QUOTED_INCLUDE_IN_FRAMEWORK_HEADER = YES;
				CLANG_WARN_RANGE_LOOP_ANALYSIS = YES;
				CLANG_WARN_STRICT_PROTOTYPES = YES;
				CLANG_WARN_SUSPICIOUS_MOVE = YES;
				CLANG_WARN_UNGUARDED_AVAILABILITY = YES_AGGRESSIVE;
				CLANG_WARN_UNREACHABLE_CODE = YES;
				CLANG_WARN__DUPLICATE_METHOD_MATCH = YES;
				COPY_PHASE_STRIP = NO;
				DEBUG_INFORMATION_FORMAT = "dwarf-with-dsym";
				ENABLE_NS_ASSERTIONS = NO;
				ENABLE_STRICT_OBJC_MSGSEND = YES;
				ENABLE_USER_SCRIPT_SANDBOXING = YES;
				GCC_C_LANGUAGE_STANDARD = gnu17;
				GCC_NO_COMMON_BLOCKS = YES;
				GCC_WARN_64_TO_32_BIT_CONVERSION = YES;
				GCC_WARN_ABOUT_RETURN_TYPE = YES_ERROR;
				GCC_WARN_UNDECLARED_SELECTOR = YES;
				GCC_WARN_UNINITIALIZED_AUTOS = YES_AGGRESSIVE;
				GCC_WARN_UNUSED_FUNCTION = YES;
				GCC_WARN_UNUSED_VARIABLE = YES;
				LOCALIZATION_PREFERS_STRING_CATALOGS = YES;
				MACOSX_DEPLOYMENT_TARGET = 14.3;
				MTL_ENABLE_DEBUG_INFO = NO;
				MTL_FAST_MATH = YES;
				SDKROOT = macosx;
				SWIFT_COMPILATION_MODE = wholemodule;
			};
			name = Release;
		};
		3775570B2C8B501000AA05DD /* Debug */ = {
			isa = XCBuildConfiguration;
			buildSettings = {
				ASSETCATALOG_COMPILER_APPICON_NAME = AppIcon;
				ASSETCATALOG_COMPILER_GLOBAL_ACCENT_COLOR_NAME = AccentColor;
				CODE_SIGN_ENTITLEMENTS = StonksBar/StonksBar.entitlements;
				CODE_SIGN_STYLE = Automatic;
				COMBINE_HIDPI_IMAGES = YES;
				CURRENT_PROJECT_VERSION = 1;
				DEVELOPMENT_ASSET_PATHS = "\"StonksBar/Preview Content\"";
				ENABLE_PREVIEWS = YES;
				GENERATE_INFOPLIST_FILE = YES;
				INFOPLIST_KEY_NSHumanReadableCopyright = "";
				LD_RUNPATH_SEARCH_PATHS = (
					"$(inherited)",
					"@executable_path/../Frameworks",
				);
				MARKETING_VERSION = 1.0;
				PRODUCT_BUNDLE_IDENTIFIER = PAYO.StonksBar;
				PRODUCT_NAME = "$(TARGET_NAME)";
				SWIFT_EMIT_LOC_STRINGS = YES;
				SWIFT_VERSION = 5.0;
			};
			name = Debug;
		};
		3775570C2C8B501000AA05DD /* Release */ = {
			isa = XCBuildConfiguration;
			buildSettings = {
				ASSETCATALOG_COMPILER_APPICON_NAME = AppIcon;
				ASSETCATALOG_COMPILER_GLOBAL_ACCENT_COLOR_NAME = AccentColor;
				CODE_SIGN_ENTITLEMENTS = StonksBar/StonksBar.entitlements;
				CODE_SIGN_STYLE = Automatic;
				COMBINE_HIDPI_IMAGES = YES;
				CURRENT_PROJECT_VERSION = 1;
				DEVELOPMENT_ASSET_PATHS = "\"StonksBar/Preview Content\"";
				ENABLE_PREVIEWS = YES;
				GENERATE_INFOPLIST_FILE = YES;
				INFOPLIST_KEY_NSHumanReadableCopyright = "";
				LD_RUNPATH_SEARCH_PATHS = (
					"$(inherited)",
					"@executable_path/../Frameworks",
				);
				MARKETING_VERSION = 1.0;
				PRODUCT_BUNDLE_IDENTIFIER = PAYO.StonksBar;
				PRODUCT_NAME = "$(TARGET_NAME)";
				SWIFT_EMIT_LOC_STRINGS = YES;
				SWIFT_VERSION = 5.0;
			};
			name = Release;
		};
		3775570E2C8B501000AA05DD /* Debug */ = {
			isa = XCBuildConfiguration;
			buildSettings = {
				ALWAYS_EMBED_SWIFT_STANDARD_LIBRARIES = YES;
				BUNDLE_LOADER = "$(TEST_HOST)";
				CODE_SIGN_STYLE = Automatic;
				CURRENT_PROJECT_VERSION = 1;
				GENERATE_INFOPLIST_FILE = YES;
				MACOSX_DEPLOYMENT_TARGET = 14.3;
				MARKETING_VERSION = 1.0;
				PRODUCT_BUNDLE_IDENTIFIER = PAYO.StonksBarTests;
				PRODUCT_NAME = "$(TARGET_NAME)";
				SWIFT_EMIT_LOC_STRINGS = NO;
				SWIFT_VERSION = 5.0;
				TEST_HOST = "$(BUILT_PRODUCTS_DIR)/StonksBar.app/$(BUNDLE_EXECUTABLE_FOLDER_PATH)/StonksBar";
			};
			name = Debug;
		};
		3775570F2C8B501000AA05DD /* Release */ = {
			isa = XCBuildConfiguration;
			buildSettings = {
				ALWAYS_EMBED_SWIFT_STANDARD_LIBRARIES = YES;
				BUNDLE_LOADER = "$(TEST_HOST)";
				CODE_SIGN_STYLE = Automatic;
				CURRENT_PROJECT_VERSION = 1;
				GENERATE_INFOPLIST_FILE = YES;
				MACOSX_DEPLOYMENT_TARGET = 14.3;
				MARKETING_VERSION = 1.0;
				PRODUCT_BUNDLE_IDENTIFIER = PAYO.StonksBarTests;
				PRODUCT_NAME = "$(TARGET_NAME)";
				SWIFT_EMIT_LOC_STRINGS = NO;
				SWIFT_VERSION = 5.0;
				TEST_HOST = "$(BUILT_PRODUCTS_DIR)/StonksBar.app/$(BUNDLE_EXECUTABLE_FOLDER_PATH)/StonksBar";
			};
			name = Release;
		};
		377557112C8B501000AA05DD /* Debug */ = {
			isa = XCBuildConfiguration;
			buildSettings = {
				ALWAYS_EMBED_SWIFT_STANDARD_LIBRARIES = YES;
				CODE_SIGN_STYLE = Automatic;
				CURRENT_PROJECT_VERSION = 1;
				GENERATE_INFOPLIST_FILE = YES;
				MARKETING_VERSION = 1.0;
				PRODUCT_BUNDLE_IDENTIFIER = PAYO.StonksBarUITests;
				PRODUCT_NAME = "$(TARGET_NAME)";
				SWIFT_EMIT_LOC_STRINGS = NO;
				SWIFT_VERSION = 5.0;
				TEST_TARGET_NAME = StonksBar;
			};
			name = Debug;
		};
		377557122C8B501000AA05DD /* Release */ = {
			isa = XCBuildConfiguration;
			buildSettings = {
				ALWAYS_EMBED_SWIFT_STANDARD_LIBRARIES = YES;
				CODE_SIGN_STYLE = Automatic;
				CURRENT_PROJECT_VERSION = 1;
				GENERATE_INFOPLIST_FILE = YES;
				MARKETING_VERSION = 1.0;
				PRODUCT_BUNDLE_IDENTIFIER = PAYO.StonksBarUITests;
				PRODUCT_NAME = "$(TARGET_NAME)";
				SWIFT_EMIT_LOC_STRINGS = NO;
				SWIFT_VERSION = 5.0;
				TEST_TARGET_NAME = StonksBar;
			};
			name = Release;
		};
/* End XCBuildConfiguration section */

/* Begin XCConfigurationList section */
		377556E02C8B500E00AA05DD /* Build configuration list for PBXProject "StonksBar" */ = {
			isa = XCConfigurationList;
			buildConfigurations = (
				377557082C8B501000AA05DD /* Debug */,
				377557092C8B501000AA05DD /* Release */,
			);
			defaultConfigurationIsVisible = 0;
			defaultConfigurationName = Release;
		};
		3775570A2C8B501000AA05DD /* Build configuration list for PBXNativeTarget "StonksBar" */ = {
			isa = XCConfigurationList;
			buildConfigurations = (
				3775570B2C8B501000AA05DD /* Debug */,
				3775570C2C8B501000AA05DD /* Release */,
			);
			defaultConfigurationIsVisible = 0;
			defaultConfigurationName = Release;
		};
		3775570D2C8B501000AA05DD /* Build configuration list for PBXNativeTarget "StonksBarTests" */ = {
			isa = XCConfigurationList;
			buildConfigurations = (
				3775570E2C8B501000AA05DD /* Debug */,
				3775570F2C8B501000AA05DD /* Release */,
			);
			defaultConfigurationIsVisible = 0;
			defaultConfigurationName = Release;
		};
		377557102C8B501000AA05DD /* Build configuration list for PBXNativeTarget "StonksBarUITests" */ = {
			isa = XCConfigurationList;
			buildConfigurations = (
				377557112C8B501000AA05DD /* Debug */,
				377557122C8B501000AA05DD /* Release */,
			);
			defaultConfigurationIsVisible = 0;
			defaultConfigurationName = Release;
		};
/* End XCConfigurationList section */
	};
	rootObject = 377556DD2C8B500E00AA05DD /* Project object */;
}
